
Microsoft Visual Studio Solution File, Format Version 12.00
# Visual Studio Version 16
VisualStudioVersion = 16.0.31624.102
MinimumVisualStudioVersion = 10.0.40219.1
Project("{9A19103F-16F7-4668-BE54-9A1E7A4F7556}") = "ArcadeGameProject", "ArcadeGameProject.csproj", "{F14C02D4-7D23-42F0-BDC8-281B7C68689B}"
EndProject
Global
	GlobalSection(SolutionConfigurationPlatforms) = preSolution
		Debug|Any CPU = Debug|Any CPU
		Release|Any CPU = Release|Any CPU
	EndGlobalSection
	GlobalSection(ProjectConfigurationPlatforms) = postSolution
		{F14C02D4-7D23-42F0-BDC8-281B7C68689B}.Debug|Any CPU.ActiveCfg = Debug|Any CPU
		{F14C02D4-7D23-42F0-BDC8-281B7C68689B}.Debug|Any CPU.Build.0 = Debug|Any CPU
		{F14C02D4-7D23-42F0-BDC8-281B7C68689B}.Release|Any CPU.ActiveCfg = Release|Any CPU
		{F14C02D4-7D23-42F0-BDC8-281B7C68689B}.Release|Any CPU.Build.0 = Release|Any CPU
	EndGlobalSection
	GlobalSection(SolutionProperties) = preSolution
		HideSolutionNode = FALSE
	EndGlobalSection
	GlobalSection(ExtensibilityGlobals) = postSolution
		SolutionGuid = {E2AB46B7-C2C7-43BD-9896-F5EDA7DAC837}
	EndGlobalSection
EndGlobal
